// !$*UTF8*$!
{
	archiveVersion = 1;
	classes = {
	};
	objectVersion = 48;
	objects = {

/* Begin PBXBuildFile section */
		5DBB7AEF1F51D57800B13386 /* mnist_model.mlmodel in Sources */ = {isa = PBXBuildFile; fileRef = 5DBB7AEE1F51D57000B13386 /* mnist_model.mlmodel */; };
		5DFDA65B1EEE02D90093327E /* AppDelegate.swift in Sources */ = {isa = PBXBuildFile; fileRef = 5DFDA65A1EEE02D90093327E /* AppDelegate.swift */; };
		5DFDA65D1EEE02D90093327E /* ViewController.swift in Sources */ = {isa = PBXBuildFile; fileRef = 5DFDA65C1EEE02D90093327E /* ViewController.swift */; };
		5DFDA6601EEE02D90093327E /* Main.storyboard in Resources */ = {isa = PBXBuildFile; fileRef = 5DFDA65E1EEE02D90093327E /* Main.storyboard */; };
		5DFDA6621EEE02D90093327E /* Assets.xcassets in Resources */ = {isa = PBXBuildFile; fileRef = 5DFDA6611EEE02D90093327E /* Assets.xcassets */; };
		5DFDA6651EEE02D90093327E /* LaunchScreen.storyboard in Resources */ = {isa = PBXBuildFile; fileRef = 5DFDA6631EEE02D90093327E /* LaunchScreen.storyboard */; };
/* End PBXBuildFile section */

/* Begin PBXFileReference section */
		5DBB7AEE1F51D57000B13386 /* mnist_model.mlmodel */ = {isa = PBXFileReference; lastKnownFileType = file.mlmodel; path = mnist_model.mlmodel; sourceTree = "<group>"; };
		5DFDA6571EEE02D90093327E /* keras_mnist_demo.app */ = {isa = PBXFileReference; explicitFileType = wrapper.application; includeInIndex = 0; path = keras_mnist_demo.app; sourceTree = BUILT_PRODUCTS_DIR; };
		5DFDA65A1EEE02D90093327E /* AppDelegate.swift */ = {isa = PBXFileReference; lastKnownFileType = sourcecode.swift; path = AppDelegate.swift; sourceTree = "<group>"; };
		5DFDA65C1EEE02D90093327E /* ViewController.swift */ = {isa = PBXFileReference; lastKnownFileType = sourcecode.swift; path = ViewController.swift; sourceTree = "<group>"; };
		5DFDA65F1EEE02D90093327E /* Base */ = {isa = PBXFileReference; lastKnownFileType = file.storyboard; name = Base; path = Base.lproj/Main.storyboard; sourceTree = "<group>"; };
		5DFDA6611EEE02D90093327E /* Assets.xcassets */ = {isa = PBXFileReference; lastKnownFileType = folder.assetcatalog; path = Assets.xcassets; sourceTree = "<group>"; };
		5DFDA6641EEE02D90093327E /* Base */ = {isa = PBXFileReference; lastKnownFileType = file.storyboard; name = Base; path = Base.lproj/LaunchScreen.storyboard; sourceTree = "<group>"; };
		5DFDA6661EEE02D90093327E /* Info.plist */ = {isa = PBXFileReference; lastKnownFileType = text.plist.xml; path = Info.plist; sourceTree = "<group>"; };
/* End PBXFileReference section */

/* Begin PBXFrameworksBuildPhase section */
		5DFDA6541EEE02D90093327E /* Frameworks */ = {
			isa = PBXFrameworksBuildPhase;
			buildActionMask = 2147483647;
			files = (
			);
			runOnlyForDeploymentPostprocessing = 0;
		};
/* End PBXFrameworksBuildPhase section */

/* Begin PBXGroup section */
		5DFDA64E1EEE02D80093327E = {
			isa = PBXGroup;
			children = (
				5DFDA6591EEE02D90093327E /* keras_mnist_demo */,
				5DFDA6581EEE02D90093327E /* Products */,
			);
			sourceTree = "<group>";
		};
		5DFDA6581EEE02D90093327E /* Products */ = {
			isa = PBXGroup;
			children = (
				5DFDA6571EEE02D90093327E /* keras_mnist_demo.app */,
			);
			name = Products;
			sourceTree = "<group>";
		};
		5DFDA6591EEE02D90093327E /* keras_mnist_demo */ = {
			isa = PBXGroup;
			children = (
				5DFDA65A1EEE02D90093327E /* AppDelegate.swift */,
				5DFDA65C1EEE02D90093327E /* ViewController.swift */,
				5DFDA65E1EEE02D90093327E /* Main.storyboard */,
				5DFDA6611EEE02D90093327E /* Assets.xcassets */,
				5DFDA6631EEE02D90093327E /* LaunchScreen.storyboard */,
				5DBB7AEE1F51D57000B13386 /* mnist_model.mlmodel */,
				5DFDA6661EEE02D90093327E /* Info.plist */,
			);
			path = keras_mnist_demo;
			sourceTree = "<group>";
		};
/* End PBXGroup section */

/* Begin PBXNativeTarget section */
		5DFDA6561EEE02D90093327E /* keras_mnist_demo */ = {
			isa = PBXNativeTarget;
			buildConfigurationList = 5DFDA6691EEE02D90093327E /* Build configuration list for PBXNativeTarget "keras_mnist_demo" */;
			buildPhases = (
				5DFDA6531EEE02D90093327E /* Sources */,
				5DFDA6541EEE02D90093327E /* Frameworks */,
				5DFDA6551EEE02D90093327E /* Resources */,
			);
			buildRules = (
			);
			dependencies = (
			);
			name = keras_mnist_demo;
			productName = keras_mnist_demo;
			productReference = 5DFDA6571EEE02D90093327E /* keras_mnist_demo.app */;
			productType = "com.apple.product-type.application";
		};
/* End PBXNativeTarget section */

/* Begin PBXProject section */
		5DFDA64F1EEE02D80093327E /* Project object */ = {
			isa = PBXProject;
			attributes = {
				LastSwiftUpdateCheck = 0900;
				LastUpgradeCheck = 0900;
				ORGANIZATIONNAME = "Brett Koonce";
				TargetAttributes = {
					5DFDA6561EEE02D90093327E = {
						CreatedOnToolsVersion = 9.0;
					};
				};
			};
			buildConfigurationList = 5DFDA6521EEE02D80093327E /* Build configuration list for PBXProject "keras_mnist_demo" */;
			compatibilityVersion = "Xcode 8.0";
			developmentRegion = en;
			hasScannedForEncodings = 0;
			knownRegions = (
				en,
				Base,
			);
			mainGroup = 5DFDA64E1EEE02D80093327E;
			productRefGroup = 5DFDA6581EEE02D90093327E /* Products */;
			projectDirPath = "";
			projectRoot = "";
			targets = (
				5DFDA6561EEE02D90093327E /* keras_mnist_demo */,
			);
		};
/* End PBXProject section */

/* Begin PBXResourcesBuildPhase section */
		5DFDA6551EEE02D90093327E /* Resources */ = {
			isa = PBXResourcesBuildPhase;
			buildActionMask = 2147483647;
			files = (
				5DFDA6651EEE02D90093327E /* LaunchScreen.storyboard in Resources */,
				5DFDA6621EEE02D90093327E /* Assets.xcassets in Resources */,
				5DFDA6601EEE02D90093327E /* Main.storyboard in Resources */,
			);
			runOnlyForDeploymentPostprocessing = 0;
		};
/* End PBXResourcesBuildPhase section */

/* Begin PBXSourcesBuildPhase section */
		5DFDA6531EEE02D90093327E /* Sources */ = {
			isa = PBXSourcesBuildPhase;
			buildActionMask = 2147483647;
			files = (
				5DFDA65D1EEE02D90093327E /* ViewController.swift in Sources */,
				5DBB7AEF1F51D57800B13386 /* mnist_model.mlmodel in Sources */,
				5DFDA65B1EEE02D90093327E /* AppDelegate.swift in Sources */,
			);
			runOnlyForDeploymentPostprocessing = 0;
		};
/* End PBXSourcesBuildPhase section */

/* Begin PBXVariantGroup section */
		5DFDA65E1EEE02D90093327E /* Main.storyboard */ = {
			isa = PBXVariantGroup;
			children = (
				5DFDA65F1EEE02D90093327E /* Base */,
			);
			name = Main.storyboard;
			sourceTree = "<group>";
		};
		5DFDA6631EEE02D90093327E /* LaunchScreen.storyboard */ = {
			isa = PBXVariantGroup;
			children = (
				5DFDA6641EEE02D90093327E /* Base */,
			);
			name = LaunchScreen.storyboard;
			sourceTree = "<group>";
		};
/* End PBXVariantGroup section */

/* Begin XCBuildConfiguration section */
		5DFDA6671EEE02D90093327E /* Debug */ = {
			isa = XCBuildConfiguration;
			buildSettings = {
				ALWAYS_SEARCH_USER_PATHS = NO;
				CLANG_ANALYZER_NONNULL = YES;
				CLANG_ANALYZER_NUMBER_OBJECT_CONVERSION = YES_AGGRESSIVE;
				CLANG_CXX_LANGUAGE_STANDARD = "gnu++14";
				CLANG_CXX_LIBRARY = "libc++";
				CLANG_ENABLE_MODULES = YES;
				CLANG_ENABLE_OBJC_ARC = YES;
				CLANG_WARN_BLOCK_CAPTURE_AUTORELEASING = YES;
				CLANG_WARN_BOOL_CONVERSION = YES;
				CLANG_WARN_COMMA = YES;
				CLANG_WARN_CONSTANT_CONVERSION = YES;
				CLANG_WARN_DIRECT_OBJC_ISA_USAGE = YES_ERROR;
				CLANG_WARN_DOCUMENTATION_COMMENTS = YES;
				CLANG_WARN_EMPTY_BODY = YES;
				CLANG_WARN_ENUM_CONVERSION = YES;
				CLANG_WARN_INFINITE_RECURSION = YES;
				CLANG_WARN_INT_CONVERSION = YES;
				CLANG_WARN_OBJC_ROOT_CLASS = YES_ERROR;
				CLANG_WARN_RANGE_LOOP_ANALYSIS = YES;
				CLANG_WARN_STRICT_PROTOTYPES = YES;
				CLANG_WARN_SUSPICIOUS_MOVE = YES;
				CLANG_WARN_UNGUARDED_AVAILABILITY = YES_AGGRESSIVE;
				CLANG_WARN_UNREACHABLE_CODE = YES;
				CLANG_WARN__DUPLICATE_METHOD_MATCH = YES;
				CODE_SIGN_IDENTITY = "iPhone Developer";
				COPY_PHASE_STRIP = NO;
				DEBUG_INFORMATION_FORMAT = dwarf;
				ENABLE_STRICT_OBJC_MSGSEND = YES;
				ENABLE_TESTABILITY = YES;
				GCC_C_LANGUAGE_STANDARD = gnu11;
				GCC_DYNAMIC_NO_PIC = NO;
				GCC_NO_COMMON_BLOCKS = YES;
				GCC_OPTIMIZATION_LEVEL = 0;
				GCC_PREPROCESSOR_DEFINITIONS = (
					"DEBUG=1",
					"$(inherited)",
				);
				GCC_WARN_64_TO_32_BIT_CONVERSION = YES;
				GCC_WARN_ABOUT_RETURN_TYPE = YES_ERROR;
				GCC_WARN_UNDECLARED_SELECTOR = YES;
				GCC_WARN_UNINITIALIZED_AUTOS = YES_AGGRESSIVE;
				GCC_WARN_UNUSED_FUNCTION = YES;
				GCC_WARN_UNUSED_VARIABLE = YES;
				IPHONEOS_DEPLOYMENT_TARGET = 11.0;
				MTL_ENABLE_DEBUG_INFO = YES;
				ONLY_ACTIVE_ARCH = YES;
				SDKROOT = iphoneos;
				SWIFT_ACTIVE_COMPILATION_CONDITIONS = DEBUG;
				SWIFT_OPTIMIZATION_LEVEL = "-Onone";
			};
			name = Debug;
		};
		5DFDA6681EEE02D90093327E /* Release */ = {
			isa = XCBuildConfiguration;
			buildSettings = {
				ALWAYS_SEARCH_USER_PATHS = NO;
				CLANG_ANALYZER_NONNULL = YES;
				CLANG_ANALYZER_NUMBER_OBJECT_CONVERSION = YES_AGGRESSIVE;
				CLANG_CXX_LANGUAGE_STANDARD = "gnu++14";
				CLANG_CXX_LIBRARY = "libc++";
				CLANG_ENABLE_MODULES = YES;
				CLANG_ENABLE_OBJC_ARC = YES;
				CLANG_WARN_BLOCK_CAPTURE_AUTORELEASING = YES;
				CLANG_WARN_BOOL_CONVERSION = YES;
				CLANG_WARN_COMMA = YES;
				CLANG_WARN_CONSTANT_CONVERSION = YES;
				CLANG_WARN_DIRECT_OBJC_ISA_USAGE = YES_ERROR;
				CLANG_WARN_DOCUMENTATION_COMMENTS = YES;
				CLANG_WARN_EMPTY_BODY = YES;
				CLANG_WARN_ENUM_CONVERSION = YES;
				CLANG_WARN_INFINITE_RECURSION = YES;
				CLANG_WARN_INT_CONVERSION = YES;
				CLANG_WARN_OBJC_ROOT_CLASS = YES_ERROR;
				CLANG_WARN_RANGE_LOOP_ANALYSIS = YES;
				CLANG_WARN_STRICT_PROTOTYPES = YES;
				CLANG_WARN_SUSPICIOUS_MOVE = YES;
				CLANG_WARN_UNGUARDED_AVAILABILITY = YES_AGGRESSIVE;
				CLANG_WARN_UNREACHABLE_CODE = YES;
				CLANG_WARN__DUPLICATE_METHOD_MATCH = YES;
				CODE_SIGN_IDENTITY = "iPhone Developer";
				COPY_PHASE_STRIP = NO;
				DEBUG_INFORMATION_FORMAT = "dwarf-with-dsym";
				ENABLE_NS_ASSERTIONS = NO;
				ENABLE_STRICT_OBJC_MSGSEND = YES;
				GCC_C_LANGUAGE_STANDARD = gnu11;
				GCC_NO_COMMON_BLOCKS = YES;
				GCC_WARN_64_TO_32_BIT_CONVERSION = YES;
				GCC_WARN_ABOUT_RETURN_TYPE = YES_ERROR;
				GCC_WARN_UNDECLARED_SELECTOR = YES;
				GCC_WARN_UNINITIALIZED_AUTOS = YES_AGGRESSIVE;
				GCC_WARN_UNUSED_FUNCTION = YES;
				GCC_WARN_UNUSED_VARIABLE = YES;
				IPHONEOS_DEPLOYMENT_TARGET = 11.0;
				MTL_ENABLE_DEBUG_INFO = NO;
				SDKROOT = iphoneos;
				SWIFT_OPTIMIZATION_LEVEL = "-Owholemodule";
				VALIDATE_PRODUCT = YES;
			};
			name = Release;
		};
		5DFDA66A1EEE02D90093327E /* Debug */ = {
			isa = XCBuildConfiguration;
			buildSettings = {
				ASSETCATALOG_COMPILER_APPICON_NAME = AppIcon;
				INFOPLIST_FILE = keras_mnist_demo/Info.plist;
				LD_RUNPATH_SEARCH_PATHS = "$(inherited) @executable_path/Frameworks";
				PRODUCT_BUNDLE_IDENTIFIER = "com.test.keras-mnist-demo";
				PRODUCT_NAME = "$(TARGET_NAME)";
				SWIFT_VERSION = 4.0;
				TARGETED_DEVICE_FAMILY = "1,2";
			};
			name = Debug;
		};
		5DFDA66B1EEE02D90093327E /* Release */ = {
			isa = XCBuildConfiguration;
			buildSettings = {
				ASSETCATALOG_COMPILER_APPICON_NAME = AppIcon;
				INFOPLIST_FILE = keras_mnist_demo/Info.plist;
				LD_RUNPATH_SEARCH_PATHS = "$(inherited) @executable_path/Frameworks";
				PRODUCT_BUNDLE_IDENTIFIER = "com.test.keras-mnist-demo";
				PRODUCT_NAME = "$(TARGET_NAME)";
				SWIFT_VERSION = 4.0;
				TARGETED_DEVICE_FAMILY = "1,2";
			};
			name = Release;
		};
/* End XCBuildConfiguration section */

/* Begin XCConfigurationList section */
		5DFDA6521EEE02D80093327E /* Build configuration list for PBXProject "keras_mnist_demo" */ = {
			isa = XCConfigurationList;
			buildConfigurations = (
				5DFDA6671EEE02D90093327E /* Debug */,
				5DFDA6681EEE02D90093327E /* Release */,
			);
			defaultConfigurationIsVisible = 0;
			defaultConfigurationName = Release;
		};
		5DFDA6691EEE02D90093327E /* Build configuration list for PBXNativeTarget "keras_mnist_demo" */ = {
			isa = XCConfigurationList;
			buildConfigurations = (
				5DFDA66A1EEE02D90093327E /* Debug */,
				5DFDA66B1EEE02D90093327E /* Release */,
			);
			defaultConfigurationIsVisible = 0;
			defaultConfigurationName = Release;
		};
/* End XCConfigurationList section */
	};
	rootObject = 5DFDA64F1EEE02D80093327E /* Project object */;
}
